
Microsoft Visual Studio Solution File, Format Version 12.00
# Visual Studio Version 17
VisualStudioVersion = 17.3.32929.385
MinimumVisualStudioVersion = 10.0.40219.1
Project("{FAE04EC0-301F-11D3-BF4B-00C04F79EFBC}") = "xadrez_console", "xadrez_console.csproj", "{21B934A5-829E-4491-BE04-DFC5C5C39A98}"
EndProject
Global
	GlobalSection(SolutionConfigurationPlatforms) = preSolution
		Debug|Any CPU = Debug|Any CPU
		Release|Any CPU = Release|Any CPU
	EndGlobalSection
	GlobalSection(ProjectConfigurationPlatforms) = postSolution
		{21B934A5-829E-4491-BE04-DFC5C5C39A98}.Debug|Any CPU.ActiveCfg = Debug|Any CPU
		{21B934A5-829E-4491-BE04-DFC5C5C39A98}.Debug|Any CPU.Build.0 = Debug|Any CPU
		{21B934A5-829E-4491-BE04-DFC5C5C39A98}.Release|Any CPU.ActiveCfg = Release|Any CPU
		{21B934A5-829E-4491-BE04-DFC5C5C39A98}.Release|Any CPU.Build.0 = Release|Any CPU
	EndGlobalSection
	GlobalSection(SolutionProperties) = preSolution
		HideSolutionNode = FALSE
	EndGlobalSection
	GlobalSection(ExtensibilityGlobals) = postSolution
		SolutionGuid = {200C7282-86D2-4829-B56D-4320A9F4FE9B}
	EndGlobalSection
EndGlobal
